{
  "version": 4,
  "terraform_version": "1.4.0",
  "serial": 5,
  "lineage": "bfef49cc-6e8f-f3ae-bcf3-a3880761f611",
  "outputs": {},
  "resources": [
    {
      "mode": "managed",
      "type": "azurerm_resource_group",
      "name": "tobedeleted",
      "provider": "provider[\"registry.terraform.io/hashicorp/azurerm\"]",
      "instances": [
        {
          "schema_version": 0,
          "attributes": {
            "id": "/subscriptions/4cce77b1-65bc-4255-9570-07178450d61f/resourceGroups/tobedeleted",
            "location": "eastus",
            "name": "tobedeleted",
            "tags": {},
            "timeouts": null
          },
          "sensitive_attributes": [],
          "private": "eyJlMmJmYjczMC1lY2FhLTExZTYtOGY4OC0zNDM2M2JjN2M0YzAiOnsiY3JlYXRlIjo1NDAwMDAwMDAwMDAwLCJkZWxldGUiOjU0MDAwMDAwMDAwMDAsInJlYWQiOjMwMDAwMDAwMDAwMCwidXBkYXRlIjo1NDAwMDAwMDAwMDAwfX0="
        }
      ]
    },
    {
      "mode": "managed",
      "type": "azurerm_storage_account",
      "name": "mystorageaccount",
      "provider": "provider[\"registry.terraform.io/hashicorp/azurerm\"]",
      "instances": [
        {
          "schema_version": 3,
          "attributes": {
            "access_tier": "Hot",
            "account_kind": "StorageV2",
            "account_replication_type": "LRS",
            "account_tier": "Standard",
            "allow_nested_items_to_be_public": true,
            "allowed_copy_scope": "",
            "azure_files_authentication": [],
            "blob_properties": [
              {
                "change_feed_enabled": false,
                "change_feed_retention_in_days": 0,
                "container_delete_retention_policy": [],
                "cors_rule": [],
                "default_service_version": "",
                "delete_retention_policy": [],
                "last_access_time_enabled": false,
                "restore_policy": [],
                "versioning_enabled": false
              }
            ],
            "cross_tenant_replication_enabled": true,
            "custom_domain": [],
            "customer_managed_key": [],
            "default_to_oauth_authentication": false,
            "edge_zone": "",
            "enable_https_traffic_only": true,
            "id": "/subscriptions/4cce77b1-65bc-4255-9570-07178450d61f/resourceGroups/tobedeleted/providers/Microsoft.Storage/storageAccounts/meraccount12345",
            "identity": [],
            "immutability_policy": [],
            "infrastructure_encryption_enabled": false,
            "is_hns_enabled": false,
            "large_file_share_enabled": null,
            "location": "eastus",
            "min_tls_version": "TLS1_2",
            "name": "meraccount12345",
            "network_rules": [
              {
                "bypass": [
                  "AzureServices"
                ],
                "default_action": "Allow",
                "ip_rules": [],
                "private_link_access": [],
                "virtual_network_subnet_ids": []
              }
            ],
            "nfsv3_enabled": false,
            "primary_access_key": "g1S6iGt8evtKXKdtvUf7aiBOYp/NnanwYe3sgEHJyrm4FX9/ljqicHl7+o1mBs5To6gM/TqeBj8g+AStmYL1DQ==",
            "primary_blob_connection_string": "DefaultEndpointsProtocol=https;BlobEndpoint=https://meraccount12345.blob.core.windows.net/;AccountName=meraccount12345;AccountKey=g1S6iGt8evtKXKdtvUf7aiBOYp/NnanwYe3sgEHJyrm4FX9/ljqicHl7+o1mBs5To6gM/TqeBj8g+AStmYL1DQ==",
            "primary_blob_endpoint": "https://meraccount12345.blob.core.windows.net/",
            "primary_blob_host": "meraccount12345.blob.core.windows.net",
            "primary_connection_string": "DefaultEndpointsProtocol=https;AccountName=meraccount12345;AccountKey=g1S6iGt8evtKXKdtvUf7aiBOYp/NnanwYe3sgEHJyrm4FX9/ljqicHl7+o1mBs5To6gM/TqeBj8g+AStmYL1DQ==;EndpointSuffix=core.windows.net",
            "primary_dfs_endpoint": "https://meraccount12345.dfs.core.windows.net/",
            "primary_dfs_host": "meraccount12345.dfs.core.windows.net",
            "primary_file_endpoint": "https://meraccount12345.file.core.windows.net/",
            "primary_file_host": "meraccount12345.file.core.windows.net",
            "primary_location": "eastus",
            "primary_queue_endpoint": "https://meraccount12345.queue.core.windows.net/",
            "primary_queue_host": "meraccount12345.queue.core.windows.net",
            "primary_table_endpoint": "https://meraccount12345.table.core.windows.net/",
            "primary_table_host": "meraccount12345.table.core.windows.net",
            "primary_web_endpoint": "https://meraccount12345.z13.web.core.windows.net/",
            "primary_web_host": "meraccount12345.z13.web.core.windows.net",
            "public_network_access_enabled": true,
            "queue_encryption_key_type": "Service",
            "queue_properties": [
              {
                "cors_rule": [],
                "hour_metrics": [
                  {
                    "enabled": true,
                    "include_apis": true,
                    "retention_policy_days": 7,
                    "version": "1.0"
                  }
                ],
                "logging": [
                  {
                    "delete": false,
                    "read": false,
                    "retention_policy_days": 0,
                    "version": "1.0",
                    "write": false
                  }
                ],
                "minute_metrics": [
                  {
                    "enabled": false,
                    "include_apis": false,
                    "retention_policy_days": 0,
                    "version": "1.0"
                  }
                ]
              }
            ],
            "resource_group_name": "tobedeleted",
            "routing": [],
            "sas_policy": [],
            "secondary_access_key": "iM4RJcmfdi1QNnFUIzXbOKs2+6lBhSxrNJLmoGbx3gOa/2vkCIPxCtFxetC/61UVfAbheN0nZRGc+AStR4W45w==",
            "secondary_blob_connection_string": "",
            "secondary_blob_endpoint": null,
            "secondary_blob_host": null,
            "secondary_connection_string": "DefaultEndpointsProtocol=https;AccountName=meraccount12345;AccountKey=iM4RJcmfdi1QNnFUIzXbOKs2+6lBhSxrNJLmoGbx3gOa/2vkCIPxCtFxetC/61UVfAbheN0nZRGc+AStR4W45w==;EndpointSuffix=core.windows.net",
            "secondary_dfs_endpoint": null,
            "secondary_dfs_host": null,
            "secondary_file_endpoint": null,
            "secondary_file_host": null,
            "secondary_location": "",
            "secondary_queue_endpoint": null,
            "secondary_queue_host": null,
            "secondary_table_endpoint": null,
            "secondary_table_host": null,
            "secondary_web_endpoint": null,
            "secondary_web_host": null,
            "sftp_enabled": false,
            "share_properties": [
              {
                "cors_rule": [],
                "retention_policy": [
                  {
                    "days": 7
                  }
                ],
                "smb": []
              }
            ],
            "shared_access_key_enabled": true,
            "static_website": [],
            "table_encryption_key_type": "Service",
            "tags": {},
            "timeouts": null
          },
          "sensitive_attributes": [],
          "private": "eyJlMmJmYjczMC1lY2FhLTExZTYtOGY4OC0zNDM2M2JjN2M0YzAiOnsiY3JlYXRlIjozNjAwMDAwMDAwMDAwLCJkZWxldGUiOjM2MDAwMDAwMDAwMDAsInJlYWQiOjMwMDAwMDAwMDAwMCwidXBkYXRlIjozNjAwMDAwMDAwMDAwfSwic2NoZW1hX3ZlcnNpb24iOiIzIn0=",
          "dependencies": [
            "azurerm_resource_group.tobedeleted"
          ]
        }
      ]
    },
    {
      "mode": "managed",
      "type": "azurerm_storage_container",
      "name": "container",
      "provider": "provider[\"registry.terraform.io/hashicorp/azurerm\"]",
      "instances": [
        {
          "schema_version": 1,
          "attributes": {
            "container_access_type": "private",
            "has_immutability_policy": false,
            "has_legal_hold": false,
            "id": "https://meraccount12345.blob.core.windows.net/mycontainer",
            "metadata": {},
            "name": "mycontainer",
            "resource_manager_id": "/subscriptions/4cce77b1-65bc-4255-9570-07178450d61f/resourceGroups/tobedeleted/providers/Microsoft.Storage/storageAccounts/meraccount12345/blobServices/default/containers/mycontainer",
            "storage_account_name": "meraccount12345",
            "timeouts": null
          },
          "sensitive_attributes": [],
          "private": "eyJlMmJmYjczMC1lY2FhLTExZTYtOGY4OC0zNDM2M2JjN2M0YzAiOnsiY3JlYXRlIjoxODAwMDAwMDAwMDAwLCJkZWxldGUiOjE4MDAwMDAwMDAwMDAsInJlYWQiOjMwMDAwMDAwMDAwMCwidXBkYXRlIjoxODAwMDAwMDAwMDAwfSwic2NoZW1hX3ZlcnNpb24iOiIxIn0=",
          "dependencies": [
            "azurerm_storage_account.mystorageaccount"
          ]
        }
      ]
    }
  ],
  "check_results": null
}
